{
  "name": "prof3flask",
  "lockfileVersion": 3,
  "requires": true,
  "packages": {
    "": {
      "dependencies": {
        "@fontsource/dm-sans": "^5.2.8",
        "@fontsource/inter": "^5.2.8",
        "@fontsource/sora": "^5.2.8",
        "@fontsource/space-grotesk": "^5.2.10"
      }
    },
    "node_modules/@fontsource/dm-sans": {
      "version": "5.2.8",
      "resolved": "https://registry.npmjs.org/@fontsource/dm-sans/-/dm-sans-5.2.8.tgz",
      "integrity": "sha512-tlovG42m9ESG28WiHpLq3F5umAlm64rv0RkqTbYowRn70e9OlRr5a3yTJhrhrY+k5lftR/OFJjPzOLQzk8EfCA==",
      "license": "OFL-1.1",
      "funding": {
        "url": "https://github.com/sponsors/ayuhito"
      }
    },
    "node_modules/@fontsource/inter": {
      "version": "5.2.8",
      "resolved": "https://registry.npmjs.org/@fontsource/inter/-/inter-5.2.8.tgz",
      "integrity": "sha512-P6r5WnJoKiNVV+zvW2xM13gNdFhAEpQ9dQJHt3naLvfg+LkF2ldgSLiF4T41lf1SQCM9QmkqPTn4TH568IRagg==",
      "license": "OFL-1.1",
      "funding": {
        "url": "https://github.com/sponsors/ayuhito"
      }
    },
    "node_modules/@fontsource/sora": {
      "version": "5.2.8",
      "resolved": "https://registry.npmjs.org/@fontsource/sora/-/sora-5.2.8.tgz",
      "integrity": "sha512-1G6iTXUx8rcCKzi3mjaTQ1DE8PQz0OmW3Qnku+64S+bqRr1o/gGeiw8fxIQhhBU9ZP8ZofIqai7o00DNOPnlDw==",
      "license": "OFL-1.1",
      "funding": {
        "url": "https://github.com/sponsors/ayuhito"
      }
    },
    "node_modules/@fontsource/space-grotesk": {
      "version": "5.2.10",
      "resolved": "https://registry.npmjs.org/@fontsource/space-grotesk/-/space-grotesk-5.2.10.tgz",
      "integrity": "sha512-XNXEbT74OIITPqw2H6HXwPDp85fy43uxfBwFR5PU+9sLnjuLj12KlhVM9nZVN6q6dlKjkuN8JisW/OBxwxgUew==",
      "license": "OFL-1.1",
      "funding": {
        "url": "https://github.com/sponsors/ayuhito"
      }
    }
  }
}
